
Microsoft Visual Studio Solution File, Format Version 12.00
# Visual Studio Version 17
VisualStudioVersion = 17.8.34322.80
MinimumVisualStudioVersion = 10.0.40219.1
Project("{9A19103F-16F7-4668-BE54-9A1E7A4F7556}") = "Auth", "Auth\Auth.csproj", "{DBE6EDEE-16F7-44FB-B59F-B72B869D6C2B}"
EndProject
Project("{FAE04EC0-301F-11D3-BF4B-00C04F79EFBC}") = "LePickaProducts", "LePickaProducts\LePickaProducts.csproj", "{DC29AA7C-25A0-451A-8990-6BFD94562DE5}"
EndProject
Global
	GlobalSection(SolutionConfigurationPlatforms) = preSolution
		Debug|Any CPU = Debug|Any CPU
		Release|Any CPU = Release|Any CPU
	EndGlobalSection
	GlobalSection(ProjectConfigurationPlatforms) = postSolution
		{DBE6EDEE-16F7-44FB-B59F-B72B869D6C2B}.Debug|Any CPU.ActiveCfg = Debug|Any CPU
		{DBE6EDEE-16F7-44FB-B59F-B72B869D6C2B}.Debug|Any CPU.Build.0 = Debug|Any CPU
		{DBE6EDEE-16F7-44FB-B59F-B72B869D6C2B}.Release|Any CPU.ActiveCfg = Release|Any CPU
		{DBE6EDEE-16F7-44FB-B59F-B72B869D6C2B}.Release|Any CPU.Build.0 = Release|Any CPU
		{DC29AA7C-25A0-451A-8990-6BFD94562DE5}.Debug|Any CPU.ActiveCfg = Debug|Any CPU
		{DC29AA7C-25A0-451A-8990-6BFD94562DE5}.Debug|Any CPU.Build.0 = Debug|Any CPU
		{DC29AA7C-25A0-451A-8990-6BFD94562DE5}.Release|Any CPU.ActiveCfg = Release|Any CPU
		{DC29AA7C-25A0-451A-8990-6BFD94562DE5}.Release|Any CPU.Build.0 = Release|Any CPU
	EndGlobalSection
	GlobalSection(SolutionProperties) = preSolution
		HideSolutionNode = FALSE
	EndGlobalSection
	GlobalSection(ExtensibilityGlobals) = postSolution
		SolutionGuid = {24674CB1-F2C2-4611-BAED-73F8ABAD3AD6}
	EndGlobalSection
EndGlobal
